dependencies:
- name: traefik
  repository: https://traefik.github.io/charts
  version: 35.2.0
- name: postgresql
  repository: oci://registry-1.docker.io/bitnamicharts
  version: 18.6.2
- name: postgresql
  repository: oci://registry-1.docker.io/bitnamicharts
  version: 18.6.2
- name: postgresql
  repository: oci://registry-1.docker.io/bitnamicharts
  version: 18.6.2
- name: postgresql
  repository: oci://registry-1.docker.io/bitnamicharts
  version: 18.6.2
- name: redis
  repository: oci://registry-1.docker.io/bitnamicharts
  version: 25.4.1
- name: redis
  repository: oci://registry-1.docker.io/bitnamicharts
  version: 25.4.1
- name: rabbitmq
  repository: oci://registry-1.docker.io/bitnamicharts
  version: 16.0.14
digest: sha256:020c5fa48d6cb42f97047cdd21f41fb74c5b21059e2119b47ffd9741b28e5be6
generated: "2026-05-07T17:51:06.3452371+01:00"
